# Hadlock estimated fetal weight formulas and growth standard
#
# Two separate publications. Transcribed by hand from the source PDFs.
#
#   formulas: Hadlock FP, Harrist RB, Sharman RS, Deter RL, Park SK.
#     "Estimation of fetal weight with the use of head, body, and femur
#     measurements - a prospective study."
#     Am J Obstet Gynecol 1985;151(3):333-337. PMID 3881966.
#     Coefficients below are Table II (Model 2, n=276 combined population).
#
#   growth standard: Hadlock FP, Harrist RB, Martinez-Poyer J.
#     "In utero analysis of fetal growth: a sonographic weight standard."
#     Radiology 1991;181(1):129-133. PMID 1887021.

# ================================================================ FORMULAS ===
# All measurements in CENTIMETRES. Weight in grams. log10 is base-10.
efw_formulas:
  ac_fl:
    requires: [ac, fl]
    equation: "log10(W) = 1.304 + 0.05281*AC + 0.1938*FL - 0.004*AC*FL"
    sd_pct: 8.0
    r2_pct: 97.3

  bpd_ac_fl:
    requires: [bpd, ac, fl]
    equation: "log10(W) = 1.335 - 0.0034*AC*FL + 0.0316*BPD + 0.0457*AC + 0.1623*FL"
    sd_pct: 7.5
    r2_pct: 97.6

  hc_ac_fl:
    requires: [hc, ac, fl]
    equation: "log10(W) = 1.326 - 0.00326*AC*FL + 0.0107*HC + 0.0438*AC + 0.158*FL"
    sd_pct: 7.5
    r2_pct: 97.6
    note: >
      The authors' recommended general-use model. Independently confirmed
      against LOINC 11746-5 and against INTERGROWTH's 2021 paper.

  bpd_hc_ac_fl:
    requires: [bpd, hc, ac, fl]
    equation: >
      log10(W) = 1.3596 - 0.00386*AC*FL + 0.0064*HC + 0.00061*BPD*AC
                 + 0.0424*AC + 0.174*FL
    sd_pct: 7.4
    r2_pct: 97.7
    note: >
      THIS is the formula the 1991 growth standard was built on. The 1991
      paper reports the model it used had 0.1% mean error and 7.4% SD, which
      matches this row of the 1985 Table III uniquely (Model 1 was 0.3%/7.5%).
      Pair this formula with the hadlock_1991 chart, not hc_ac_fl.

# ========================================================= GROWTH STANDARD ===
hadlock_1991:
  valid_ga_weeks: [10, 40]        # model fitted 10-41; table published 10-40
  ga_units: decimal_weeks_nearest_tenth
  ga_note: >
    The paper codes GA to the nearest tenth of a week: 39 weeks 3 days is
    coded 39.4, not 39.43. Round to one decimal before evaluating.
  paired_formula: bpd_hc_ac_fl
  population: 392 predominantly middle-class white women, certain menstrual dates
  stratification: none

  median:
    equation: "ln(W_grams) = 0.578 + 0.332*MA - 0.00354*MA^2"
    r2_pct: 99.1
    verified: >
      Reproduces the published Table 1 50th percentile to within 0.02% from
      20 weeks onward; 1.1% at 10 weeks.

  # Variance is uniform as a PERCENTAGE of the median across all gestation.
  dispersion:
    model: additive_normal_pct_of_median
    sd_pct: 13.3
    sd_pct_source: back-calculated from the published Table 1 centiles
    centile: "C(alpha) = median * (1 + Z(alpha) * 0.133)"
    published_ratios:                # C/median, constant across all 31 weeks
      p3:  0.750
      p10: 0.830
      p90: 1.170
      p97: 1.250

# =============================================================== ERRATA ======
known_issues:
  - id: abstract_sd_contradicts_table
    severity: high
    detail: >
      The abstract states variance of +/-12.7% (1 SD). The published Table 1
      centiles are exactly median x {0.750, 0.830, 1.170, 1.250} at every
      week, which implies 13.3%, not 12.7%. Using 12.7% gives a 3rd centile
      of 1187 g at 30 weeks where the paper prints 1169 g. The Discussion
      and Table 3 both say 13%, supporting 13.3% over the abstract.
      IMPLEMENT 13.3%. This discrepancy is the subject of an active 2025
      exchange in AJOG (Roberts et al., "Revisiting the Hadlock 1991
      population reference"; and "The origin of Hadlock's table: a reply").

  - id: table1_week30_p97_typo
    severity: high
    detail: >
      Table 1 prints 1,649 g for the 97th centile at 30 weeks. That is below
      the 90th centile of 1,824 g and therefore impossible. The ratio-implied
      value is 1,949 g. Confirmed by inspecting the page scan, so this is a
      typographical error in the published table rather than an OCR artifact.
      Any verbatim transcription of Table 1 must correct or flag this cell.

# ============================================================== FIXTURES =====
fixtures:
  - name: "1991 median equation at selected weeks"
    expect_g: { 10: 35, 20: 331, 30: 1559, 40: 3619 }
    tolerance_pct: 1.2

  - name: "1991 centiles at 32 weeks"
    inputs: { ga_weeks: 32 }
    expect_g: { p3: 1465, p10: 1621, p50: 1953, p90: 2285, p97: 2441 }
    tolerance_g: 3

  - name: "1991 centiles at 40 weeks"
    inputs: { ga_weeks: 40 }
    expect_g: { p3: 2714, p10: 3004, p50: 3619, p90: 4234, p97: 4524 }
    tolerance_g: 3

  - name: "microcephalic fetus from the 1985 discussion"
    inputs: { bpd_cm: 5.7, hc_cm: 21.3, ac_cm: 28.5, fl_cm: 7.5 }
    formula: hc_ac_fl
    expect: { efw_g: 2415, actual_birth_weight_g: 2250, error_pct: 7.3 }
    note: >
      The paper reports this case to show why head, trunk and limb must all
      be used. A BPD+AC model was off by 46.8%; hc_ac_fl was off by 7.3%.
      Good regression test for formula selection.

accuracy:
  note: >
    1985 Table I gives mean deviation and SD by birth-weight stratum for every
    model. Errors are NOT uniform across fetal size: for hc_ac_fl the mean
    deviation runs from -4.6% below 1500 g to +6.3% above 4000 g. Surface the
    stratum-specific figure rather than the pooled one where weight is known.
